
Microsoft Visual Studio Solution File, Format Version 12.00
# Visual Studio Version 16
VisualStudioVersion = 16.0.32428.217
MinimumVisualStudioVersion = 10.0.40219.1
Project("{FAE04EC0-301F-11D3-BF4B-00C04F79EFBC}") = "DsplCmdSequencer", "DsplCmdSequencer\DsplCmdSequencer.csproj", "{B18EDE98-4D5B-4144-A4DF-2D4693C28196}"
EndProject
Global
	GlobalSection(SolutionConfigurationPlatforms) = preSolution
		Debug|Any CPU = Debug|Any CPU
		Release|Any CPU = Release|Any CPU
	EndGlobalSection
	GlobalSection(ProjectConfigurationPlatforms) = postSolution
		{B18EDE98-4D5B-4144-A4DF-2D4693C28196}.Debug|Any CPU.ActiveCfg = Debug|Any CPU
		{B18EDE98-4D5B-4144-A4DF-2D4693C28196}.Debug|Any CPU.Build.0 = Debug|Any CPU
		{B18EDE98-4D5B-4144-A4DF-2D4693C28196}.Release|Any CPU.ActiveCfg = Release|Any CPU
		{B18EDE98-4D5B-4144-A4DF-2D4693C28196}.Release|Any CPU.Build.0 = Release|Any CPU
	EndGlobalSection
	GlobalSection(SolutionProperties) = preSolution
		HideSolutionNode = FALSE
	EndGlobalSection
	GlobalSection(ExtensibilityGlobals) = postSolution
		SolutionGuid = {EFFD1D13-10EC-446E-B11D-1D8AE5B0D77A}
	EndGlobalSection
EndGlobal
